
Microsoft Visual Studio Solution File, Format Version 12.00
# Visual Studio Version 17
VisualStudioVersion = 17.10.35027.167
MinimumVisualStudioVersion = 10.0.40219.1
Project("{9A19103F-16F7-4668-BE54-9A1E7A4F7556}") = "IdentityServiceAPI", "src\Services\Identity\IdentityService\IdentityServiceAPI.csproj", "{ADC5A147-CAB6-42C6-B929-8530C896AFC8}"
EndProject
Project("{9A19103F-16F7-4668-BE54-9A1E7A4F7556}") = "WarehouseServiceAPI", "src\Services\Warehouse\WarehouseServiceAPI\WarehouseServiceAPI.csproj", "{1FBF6D9A-B36E-478F-84A2-6B48B49FC4DF}"
EndProject
Project("{2150E333-8FDC-42A3-9474-1A3956D46DE8}") = "src", "src", "{DC4B48B2-7116-4427-9796-AC438B26F2C2}"
EndProject
Project("{2150E333-8FDC-42A3-9474-1A3956D46DE8}") = "Services", "Services", "{A4CBA536-31CB-4A84-B215-A9717021CD74}"
EndProject
Project("{2150E333-8FDC-42A3-9474-1A3956D46DE8}") = "Identity", "Identity", "{A61A3DC8-51F2-47ED-9C55-D347E64DEE51}"
EndProject
Project("{2150E333-8FDC-42A3-9474-1A3956D46DE8}") = "Warehouse", "Warehouse", "{02179100-C567-4E3C-B0F7-8B1D7BB38FB8}"
EndProject
Project("{2150E333-8FDC-42A3-9474-1A3956D46DE8}") = "Action", "Action", "{9B9DF19E-649D-4866-94B6-21F5A3540FC9}"
EndProject
Project("{9A19103F-16F7-4668-BE54-9A1E7A4F7556}") = "ActionServiceAPI.Web", "src\Services\Action\ActionServiceAPI.Web\ActionServiceAPI.Web.csproj", "{144B3556-686C-4C35-AC90-0CF5217413E6}"
EndProject
Project("{9A19103F-16F7-4668-BE54-9A1E7A4F7556}") = "ActionServiceAPI.Domain", "src\Services\Action\ActionServiceAPI.Domain\ActionServiceAPI.Domain.csproj", "{F3DB0504-F403-48AC-B446-BA0CD9A6DD2B}"
EndProject
Project("{9A19103F-16F7-4668-BE54-9A1E7A4F7556}") = "ActionServiceAPI.Application", "src\Services\Action\ActionServiceAPI.Application\ActionServiceAPI.Application.csproj", "{5867876A-23BA-48B9-9AD8-354992EF4018}"
EndProject
Project("{9A19103F-16F7-4668-BE54-9A1E7A4F7556}") = "ActionServiceAPI.Infrastructure", "src\Services\Action\ActionServiceAPI.Infrastructure\ActionServiceAPI.Infrastructure.csproj", "{0A664A6B-5497-48E1-8B5A-B4AE42E5BF4A}"
EndProject
Project("{2150E333-8FDC-42A3-9474-1A3956D46DE8}") = "Auxiliaries", "Auxiliaries", "{8D453F29-E393-4069-B35D-5116F5153B36}"
EndProject
Project("{2150E333-8FDC-42A3-9474-1A3956D46DE8}") = "EventBus", "EventBus", "{9189AB7F-7530-4E5E-84CF-8C26182EE05B}"
EndProject
Project("{9A19103F-16F7-4668-BE54-9A1E7A4F7556}") = "EventBus", "src\Auxiliaries\EventBus\EventBus\EventBus.csproj", "{C71D2B14-9F7F-494C-BD71-80C18160AC73}"
EndProject
Project("{9A19103F-16F7-4668-BE54-9A1E7A4F7556}") = "EventBusRabbitMQ", "src\Auxiliaries\EventBus\EventBusRabbitMQ\EventBusRabbitMQ.csproj", "{6A86B4E6-7860-4207-8376-9E87935B1887}"
EndProject
Project("{2150E333-8FDC-42A3-9474-1A3956D46DE8}") = "tests", "tests", "{95DE58B1-7759-477E-BF48-F6CA4BD61C4D}"
EndProject
Project("{2150E333-8FDC-42A3-9474-1A3956D46DE8}") = "Services", "Services", "{7746EDA6-DED1-4EEB-99DC-0D350912D99F}"
EndProject
Project("{2150E333-8FDC-42A3-9474-1A3956D46DE8}") = "Action", "Action", "{E46BEEC3-73E1-4B36-B8D6-BAB4E1399430}"
EndProject
Project("{9A19103F-16F7-4668-BE54-9A1E7A4F7556}") = "ActionService.Application.UnitTests", "tests\Services\Action\ActionService.Application.UnitTests\ActionService.Application.UnitTests.csproj", "{DD2F021E-27D4-431A-A331-02A1AF6E8054}"
EndProject
Project("{E53339B2-1760-4266-BCC7-CA923CBCF16C}") = "docker-compose", "docker-compose.dcproj", "{A47E8CE5-7263-44B1-9327-1A7F97CBA40C}"
EndProject
Project("{9A19103F-16F7-4668-BE54-9A1E7A4F7556}") = "ActionService.FunctionalTests", "tests\Services\Action\ActionService.FunctionalTests\ActionService.FunctionalTests.csproj", "{6141752E-7C4C-48D5-B186-68FA050BACE3}"
EndProject
Project("{9A19103F-16F7-4668-BE54-9A1E7A4F7556}") = "CommonTestAssets", "tests\CommonTestAssets\CommonTestAssets.csproj", "{19D80DC5-BFCE-4312-881E-D4620DDA3E09}"
EndProject
Project("{2150E333-8FDC-42A3-9474-1A3956D46DE8}") = "Warehouse", "Warehouse", "{4A9F9B0F-8FD7-41EC-8250-8E1174693CB6}"
EndProject
Project("{9A19103F-16F7-4668-BE54-9A1E7A4F7556}") = "WarehouseService.FunctionalTests", "tests\Services\Warehouse\WarehouseService.FunctionalTests\WarehouseService.FunctionalTests.csproj", "{DE95A9D9-7CF1-4D11-8510-EE0357DF549F}"
EndProject
Project("{2150E333-8FDC-42A3-9474-1A3956D46DE8}") = "Identity", "Identity", "{E3115448-2427-42FB-B664-583C7298DA11}"
EndProject
Project("{9A19103F-16F7-4668-BE54-9A1E7A4F7556}") = "IdentityService.FunctionalTests", "tests\Services\Identity\IdentityService.FunctionalTests\IdentityService.FunctionalTests.csproj", "{CA2BA127-3C6A-4031-8CD2-C9E48251E26A}"
EndProject
Project("{2150E333-8FDC-42A3-9474-1A3956D46DE8}") = "Gateways", "Gateways", "{DE9776AD-BDE7-4226-998D-6A978FBD92FB}"
EndProject
Project("{9A19103F-16F7-4668-BE54-9A1E7A4F7556}") = "OcelotGateway", "src\Gateways\OcelotGateway\OcelotGateway.csproj", "{02D6BEFE-0BB5-406A-AF4B-8025A431DF29}"
EndProject
Project("{2150E333-8FDC-42A3-9474-1A3956D46DE8}") = "Authentication", "Authentication", "{FA2B9D7E-3637-430A-84FC-213A69026D8C}"
EndProject
Project("{9A19103F-16F7-4668-BE54-9A1E7A4F7556}") = "JwtAuthenticationApp", "src\Auxiliaries\Authentication\JwtAuthenticationApp\JwtAuthenticationApp.csproj", "{7612D35F-6511-4B49-96E9-F512DD0B0C27}"
EndProject
Project("{FAE04EC0-301F-11D3-BF4B-00C04F79EFBC}") = "JwtGlobalConfiguration", "src\Auxiliaries\Authentication\JwtGlobalConfiguration\JwtGlobalConfiguration.csproj", "{8D4DB8BC-F66A-4F52-A01B-425D6DF14906}"
EndProject
Global
	GlobalSection(SolutionConfigurationPlatforms) = preSolution
		Debug|Any CPU = Debug|Any CPU
		Release|Any CPU = Release|Any CPU
	EndGlobalSection
	GlobalSection(ProjectConfigurationPlatforms) = postSolution
		{ADC5A147-CAB6-42C6-B929-8530C896AFC8}.Debug|Any CPU.ActiveCfg = Debug|Any CPU
		{ADC5A147-CAB6-42C6-B929-8530C896AFC8}.Debug|Any CPU.Build.0 = Debug|Any CPU
		{ADC5A147-CAB6-42C6-B929-8530C896AFC8}.Release|Any CPU.ActiveCfg = Release|Any CPU
		{ADC5A147-CAB6-42C6-B929-8530C896AFC8}.Release|Any CPU.Build.0 = Release|Any CPU
		{1FBF6D9A-B36E-478F-84A2-6B48B49FC4DF}.Debug|Any CPU.ActiveCfg = Debug|Any CPU
		{1FBF6D9A-B36E-478F-84A2-6B48B49FC4DF}.Debug|Any CPU.Build.0 = Debug|Any CPU
		{1FBF6D9A-B36E-478F-84A2-6B48B49FC4DF}.Release|Any CPU.ActiveCfg = Release|Any CPU
		{1FBF6D9A-B36E-478F-84A2-6B48B49FC4DF}.Release|Any CPU.Build.0 = Release|Any CPU
		{144B3556-686C-4C35-AC90-0CF5217413E6}.Debug|Any CPU.ActiveCfg = Debug|Any CPU
		{144B3556-686C-4C35-AC90-0CF5217413E6}.Debug|Any CPU.Build.0 = Debug|Any CPU
		{144B3556-686C-4C35-AC90-0CF5217413E6}.Release|Any CPU.ActiveCfg = Release|Any CPU
		{144B3556-686C-4C35-AC90-0CF5217413E6}.Release|Any CPU.Build.0 = Release|Any CPU
		{F3DB0504-F403-48AC-B446-BA0CD9A6DD2B}.Debug|Any CPU.ActiveCfg = Debug|Any CPU
		{F3DB0504-F403-48AC-B446-BA0CD9A6DD2B}.Debug|Any CPU.Build.0 = Debug|Any CPU
		{F3DB0504-F403-48AC-B446-BA0CD9A6DD2B}.Release|Any CPU.ActiveCfg = Release|Any CPU
		{F3DB0504-F403-48AC-B446-BA0CD9A6DD2B}.Release|Any CPU.Build.0 = Release|Any CPU
		{5867876A-23BA-48B9-9AD8-354992EF4018}.Debug|Any CPU.ActiveCfg = Debug|Any CPU
		{5867876A-23BA-48B9-9AD8-354992EF4018}.Debug|Any CPU.Build.0 = Debug|Any CPU
		{5867876A-23BA-48B9-9AD8-354992EF4018}.Release|Any CPU.ActiveCfg = Release|Any CPU
		{5867876A-23BA-48B9-9AD8-354992EF4018}.Release|Any CPU.Build.0 = Release|Any CPU
		{0A664A6B-5497-48E1-8B5A-B4AE42E5BF4A}.Debug|Any CPU.ActiveCfg = Debug|Any CPU
		{0A664A6B-5497-48E1-8B5A-B4AE42E5BF4A}.Debug|Any CPU.Build.0 = Debug|Any CPU
		{0A664A6B-5497-48E1-8B5A-B4AE42E5BF4A}.Release|Any CPU.ActiveCfg = Release|Any CPU
		{0A664A6B-5497-48E1-8B5A-B4AE42E5BF4A}.Release|Any CPU.Build.0 = Release|Any CPU
		{C71D2B14-9F7F-494C-BD71-80C18160AC73}.Debug|Any CPU.ActiveCfg = Debug|Any CPU
		{C71D2B14-9F7F-494C-BD71-80C18160AC73}.Debug|Any CPU.Build.0 = Debug|Any CPU
		{C71D2B14-9F7F-494C-BD71-80C18160AC73}.Release|Any CPU.ActiveCfg = Release|Any CPU
		{C71D2B14-9F7F-494C-BD71-80C18160AC73}.Release|Any CPU.Build.0 = Release|Any CPU
		{6A86B4E6-7860-4207-8376-9E87935B1887}.Debug|Any CPU.ActiveCfg = Debug|Any CPU
		{6A86B4E6-7860-4207-8376-9E87935B1887}.Debug|Any CPU.Build.0 = Debug|Any CPU
		{6A86B4E6-7860-4207-8376-9E87935B1887}.Release|Any CPU.ActiveCfg = Release|Any CPU
		{6A86B4E6-7860-4207-8376-9E87935B1887}.Release|Any CPU.Build.0 = Release|Any CPU
		{DD2F021E-27D4-431A-A331-02A1AF6E8054}.Debug|Any CPU.ActiveCfg = Debug|Any CPU
		{DD2F021E-27D4-431A-A331-02A1AF6E8054}.Debug|Any CPU.Build.0 = Debug|Any CPU
		{DD2F021E-27D4-431A-A331-02A1AF6E8054}.Release|Any CPU.ActiveCfg = Release|Any CPU
		{DD2F021E-27D4-431A-A331-02A1AF6E8054}.Release|Any CPU.Build.0 = Release|Any CPU
		{A47E8CE5-7263-44B1-9327-1A7F97CBA40C}.Debug|Any CPU.ActiveCfg = Debug|Any CPU
		{A47E8CE5-7263-44B1-9327-1A7F97CBA40C}.Debug|Any CPU.Build.0 = Debug|Any CPU
		{A47E8CE5-7263-44B1-9327-1A7F97CBA40C}.Release|Any CPU.ActiveCfg = Release|Any CPU
		{A47E8CE5-7263-44B1-9327-1A7F97CBA40C}.Release|Any CPU.Build.0 = Release|Any CPU
		{6141752E-7C4C-48D5-B186-68FA050BACE3}.Debug|Any CPU.ActiveCfg = Debug|Any CPU
		{6141752E-7C4C-48D5-B186-68FA050BACE3}.Debug|Any CPU.Build.0 = Debug|Any CPU
		{6141752E-7C4C-48D5-B186-68FA050BACE3}.Release|Any CPU.ActiveCfg = Release|Any CPU
		{6141752E-7C4C-48D5-B186-68FA050BACE3}.Release|Any CPU.Build.0 = Release|Any CPU
		{19D80DC5-BFCE-4312-881E-D4620DDA3E09}.Debug|Any CPU.ActiveCfg = Debug|Any CPU
		{19D80DC5-BFCE-4312-881E-D4620DDA3E09}.Debug|Any CPU.Build.0 = Debug|Any CPU
		{19D80DC5-BFCE-4312-881E-D4620DDA3E09}.Release|Any CPU.ActiveCfg = Release|Any CPU
		{19D80DC5-BFCE-4312-881E-D4620DDA3E09}.Release|Any CPU.Build.0 = Release|Any CPU
		{DE95A9D9-7CF1-4D11-8510-EE0357DF549F}.Debug|Any CPU.ActiveCfg = Debug|Any CPU
		{DE95A9D9-7CF1-4D11-8510-EE0357DF549F}.Debug|Any CPU.Build.0 = Debug|Any CPU
		{DE95A9D9-7CF1-4D11-8510-EE0357DF549F}.Release|Any CPU.ActiveCfg = Release|Any CPU
		{DE95A9D9-7CF1-4D11-8510-EE0357DF549F}.Release|Any CPU.Build.0 = Release|Any CPU
		{CA2BA127-3C6A-4031-8CD2-C9E48251E26A}.Debug|Any CPU.ActiveCfg = Debug|Any CPU
		{CA2BA127-3C6A-4031-8CD2-C9E48251E26A}.Debug|Any CPU.Build.0 = Debug|Any CPU
		{CA2BA127-3C6A-4031-8CD2-C9E48251E26A}.Release|Any CPU.ActiveCfg = Release|Any CPU
		{CA2BA127-3C6A-4031-8CD2-C9E48251E26A}.Release|Any CPU.Build.0 = Release|Any CPU
		{02D6BEFE-0BB5-406A-AF4B-8025A431DF29}.Debug|Any CPU.ActiveCfg = Debug|Any CPU
		{02D6BEFE-0BB5-406A-AF4B-8025A431DF29}.Debug|Any CPU.Build.0 = Debug|Any CPU
		{02D6BEFE-0BB5-406A-AF4B-8025A431DF29}.Release|Any CPU.ActiveCfg = Release|Any CPU
		{02D6BEFE-0BB5-406A-AF4B-8025A431DF29}.Release|Any CPU.Build.0 = Release|Any CPU
		{7612D35F-6511-4B49-96E9-F512DD0B0C27}.Debug|Any CPU.ActiveCfg = Debug|Any CPU
		{7612D35F-6511-4B49-96E9-F512DD0B0C27}.Debug|Any CPU.Build.0 = Debug|Any CPU
		{7612D35F-6511-4B49-96E9-F512DD0B0C27}.Release|Any CPU.ActiveCfg = Release|Any CPU
		{7612D35F-6511-4B49-96E9-F512DD0B0C27}.Release|Any CPU.Build.0 = Release|Any CPU
		{8D4DB8BC-F66A-4F52-A01B-425D6DF14906}.Debug|Any CPU.ActiveCfg = Debug|Any CPU
		{8D4DB8BC-F66A-4F52-A01B-425D6DF14906}.Debug|Any CPU.Build.0 = Debug|Any CPU
		{8D4DB8BC-F66A-4F52-A01B-425D6DF14906}.Release|Any CPU.ActiveCfg = Release|Any CPU
		{8D4DB8BC-F66A-4F52-A01B-425D6DF14906}.Release|Any CPU.Build.0 = Release|Any CPU
	EndGlobalSection
	GlobalSection(SolutionProperties) = preSolution
		HideSolutionNode = FALSE
	EndGlobalSection
	GlobalSection(NestedProjects) = preSolution
		{ADC5A147-CAB6-42C6-B929-8530C896AFC8} = {A61A3DC8-51F2-47ED-9C55-D347E64DEE51}
		{1FBF6D9A-B36E-478F-84A2-6B48B49FC4DF} = {02179100-C567-4E3C-B0F7-8B1D7BB38FB8}
		{A4CBA536-31CB-4A84-B215-A9717021CD74} = {DC4B48B2-7116-4427-9796-AC438B26F2C2}
		{A61A3DC8-51F2-47ED-9C55-D347E64DEE51} = {A4CBA536-31CB-4A84-B215-A9717021CD74}
		{02179100-C567-4E3C-B0F7-8B1D7BB38FB8} = {A4CBA536-31CB-4A84-B215-A9717021CD74}
		{9B9DF19E-649D-4866-94B6-21F5A3540FC9} = {A4CBA536-31CB-4A84-B215-A9717021CD74}
		{144B3556-686C-4C35-AC90-0CF5217413E6} = {9B9DF19E-649D-4866-94B6-21F5A3540FC9}
		{F3DB0504-F403-48AC-B446-BA0CD9A6DD2B} = {9B9DF19E-649D-4866-94B6-21F5A3540FC9}
		{5867876A-23BA-48B9-9AD8-354992EF4018} = {9B9DF19E-649D-4866-94B6-21F5A3540FC9}
		{0A664A6B-5497-48E1-8B5A-B4AE42E5BF4A} = {9B9DF19E-649D-4866-94B6-21F5A3540FC9}
		{8D453F29-E393-4069-B35D-5116F5153B36} = {DC4B48B2-7116-4427-9796-AC438B26F2C2}
		{9189AB7F-7530-4E5E-84CF-8C26182EE05B} = {8D453F29-E393-4069-B35D-5116F5153B36}
		{C71D2B14-9F7F-494C-BD71-80C18160AC73} = {9189AB7F-7530-4E5E-84CF-8C26182EE05B}
		{6A86B4E6-7860-4207-8376-9E87935B1887} = {9189AB7F-7530-4E5E-84CF-8C26182EE05B}
		{7746EDA6-DED1-4EEB-99DC-0D350912D99F} = {95DE58B1-7759-477E-BF48-F6CA4BD61C4D}
		{E46BEEC3-73E1-4B36-B8D6-BAB4E1399430} = {7746EDA6-DED1-4EEB-99DC-0D350912D99F}
		{DD2F021E-27D4-431A-A331-02A1AF6E8054} = {E46BEEC3-73E1-4B36-B8D6-BAB4E1399430}
		{6141752E-7C4C-48D5-B186-68FA050BACE3} = {E46BEEC3-73E1-4B36-B8D6-BAB4E1399430}
		{19D80DC5-BFCE-4312-881E-D4620DDA3E09} = {95DE58B1-7759-477E-BF48-F6CA4BD61C4D}
		{4A9F9B0F-8FD7-41EC-8250-8E1174693CB6} = {7746EDA6-DED1-4EEB-99DC-0D350912D99F}
		{DE95A9D9-7CF1-4D11-8510-EE0357DF549F} = {4A9F9B0F-8FD7-41EC-8250-8E1174693CB6}
		{E3115448-2427-42FB-B664-583C7298DA11} = {7746EDA6-DED1-4EEB-99DC-0D350912D99F}
		{CA2BA127-3C6A-4031-8CD2-C9E48251E26A} = {E3115448-2427-42FB-B664-583C7298DA11}
		{DE9776AD-BDE7-4226-998D-6A978FBD92FB} = {DC4B48B2-7116-4427-9796-AC438B26F2C2}
		{02D6BEFE-0BB5-406A-AF4B-8025A431DF29} = {DE9776AD-BDE7-4226-998D-6A978FBD92FB}
		{FA2B9D7E-3637-430A-84FC-213A69026D8C} = {8D453F29-E393-4069-B35D-5116F5153B36}
		{7612D35F-6511-4B49-96E9-F512DD0B0C27} = {FA2B9D7E-3637-430A-84FC-213A69026D8C}
		{8D4DB8BC-F66A-4F52-A01B-425D6DF14906} = {FA2B9D7E-3637-430A-84FC-213A69026D8C}
	EndGlobalSection
	GlobalSection(ExtensibilityGlobals) = postSolution
		SolutionGuid = {F0441398-1390-4B25-B591-680557E93204}
	EndGlobalSection
EndGlobal
