
Microsoft Visual Studio Solution File, Format Version 12.00
# Visual Studio Version 17
VisualStudioVersion = 17.10.35027.167
MinimumVisualStudioVersion = 10.0.40219.1
Project("{9A19103F-16F7-4668-BE54-9A1E7A4F7556}") = "IdentityService", "src\IdentityService\IdentityService.csproj", "{D68091C8-F562-42D6-8877-A5A55BD332C5}"
EndProject
Project("{2150E333-8FDC-42A3-9474-1A3956D46DE8}") = "src", "src", "{5A36BE35-E125-41E0-B865-5937249EB84C}"
EndProject
Global
	GlobalSection(SolutionConfigurationPlatforms) = preSolution
		Debug|Any CPU = Debug|Any CPU
		Release|Any CPU = Release|Any CPU
	EndGlobalSection
	GlobalSection(ProjectConfigurationPlatforms) = postSolution
		{D68091C8-F562-42D6-8877-A5A55BD332C5}.Debug|Any CPU.ActiveCfg = Debug|Any CPU
		{D68091C8-F562-42D6-8877-A5A55BD332C5}.Debug|Any CPU.Build.0 = Debug|Any CPU
		{D68091C8-F562-42D6-8877-A5A55BD332C5}.Release|Any CPU.ActiveCfg = Release|Any CPU
		{D68091C8-F562-42D6-8877-A5A55BD332C5}.Release|Any CPU.Build.0 = Release|Any CPU
	EndGlobalSection
	GlobalSection(SolutionProperties) = preSolution
		HideSolutionNode = FALSE
	EndGlobalSection
	GlobalSection(NestedProjects) = preSolution
		{D68091C8-F562-42D6-8877-A5A55BD332C5} = {5A36BE35-E125-41E0-B865-5937249EB84C}
	EndGlobalSection
	GlobalSection(ExtensibilityGlobals) = postSolution
		SolutionGuid = {F0441398-1390-4B25-B591-680557E93204}
	EndGlobalSection
EndGlobal
